// !$*UTF8*$!
{
	archiveVersion = 1;
	classes = {
	};
	objectVersion = 56;
	objects = {

/* Begin PBXBuildFile section */
		18515CF852C20B0628168999 /* Pods_MyHobbies.framework in Frameworks */ = {isa = PBXBuildFile; fileRef = FB81F0199EBFC86580855359 /* Pods_MyHobbies.framework */; };
		C04F4D552AD31EE1001A31EA /* AuthenticationView.swift in Sources */ = {isa = PBXBuildFile; fileRef = C04F4D542AD31EE1001A31EA /* AuthenticationView.swift */; };
		C05CA5772AC41B150018585C /* MyHobbiesApp.swift in Sources */ = {isa = PBXBuildFile; fileRef = C05CA5762AC41B150018585C /* MyHobbiesApp.swift */; };
		C05CA5792AC41B150018585C /* ContentView.swift in Sources */ = {isa = PBXBuildFile; fileRef = C05CA5782AC41B150018585C /* ContentView.swift */; };
		C05CA57B2AC41B170018585C /* Assets.xcassets in Resources */ = {isa = PBXBuildFile; fileRef = C05CA57A2AC41B170018585C /* Assets.xcassets */; };
		C05CA57E2AC41B170018585C /* Preview Assets.xcassets in Resources */ = {isa = PBXBuildFile; fileRef = C05CA57D2AC41B170018585C /* Preview Assets.xcassets */; };
		C05CA5862AC41C5C0018585C /* SwiftUICharts in Frameworks */ = {isa = PBXBuildFile; productRef = C05CA5852AC41C5C0018585C /* SwiftUICharts */; };
		C08663642ACC827300EA951B /* GoogleService-Info.plist in Resources */ = {isa = PBXBuildFile; fileRef = C08663632ACC827300EA951B /* GoogleService-Info.plist */; };
/* End PBXBuildFile section */

/* Begin PBXFileReference section */
		4BED6A338157F92942FD579B /* Pods-MyHobbies.release.xcconfig */ = {isa = PBXFileReference; includeInIndex = 1; lastKnownFileType = text.xcconfig; name = "Pods-MyHobbies.release.xcconfig"; path = "Target Support Files/Pods-MyHobbies/Pods-MyHobbies.release.xcconfig"; sourceTree = "<group>"; };
		7704F22A69EFF8E4587C2B43 /* Pods-MyHobbies.debug.xcconfig */ = {isa = PBXFileReference; includeInIndex = 1; lastKnownFileType = text.xcconfig; name = "Pods-MyHobbies.debug.xcconfig"; path = "Target Support Files/Pods-MyHobbies/Pods-MyHobbies.debug.xcconfig"; sourceTree = "<group>"; };
		C04F4D542AD31EE1001A31EA /* AuthenticationView.swift */ = {isa = PBXFileReference; lastKnownFileType = sourcecode.swift; path = AuthenticationView.swift; sourceTree = "<group>"; };
		C05CA5732AC41B150018585C /* MyHobbies.app */ = {isa = PBXFileReference; explicitFileType = wrapper.application; includeInIndex = 0; path = MyHobbies.app; sourceTree = BUILT_PRODUCTS_DIR; };
		C05CA5762AC41B150018585C /* MyHobbiesApp.swift */ = {isa = PBXFileReference; lastKnownFileType = sourcecode.swift; path = MyHobbiesApp.swift; sourceTree = "<group>"; };
		C05CA5782AC41B150018585C /* ContentView.swift */ = {isa = PBXFileReference; lastKnownFileType = sourcecode.swift; path = ContentView.swift; sourceTree = "<group>"; };
		C05CA57A2AC41B170018585C /* Assets.xcassets */ = {isa = PBXFileReference; lastKnownFileType = folder.assetcatalog; path = Assets.xcassets; sourceTree = "<group>"; };
		C05CA57D2AC41B170018585C /* Preview Assets.xcassets */ = {isa = PBXFileReference; lastKnownFileType = folder.assetcatalog; path = "Preview Assets.xcassets"; sourceTree = "<group>"; };
		C08663632ACC827300EA951B /* GoogleService-Info.plist */ = {isa = PBXFileReference; fileEncoding = 4; lastKnownFileType = text.plist.xml; path = "GoogleService-Info.plist"; sourceTree = "<group>"; };
		FB81F0199EBFC86580855359 /* Pods_MyHobbies.framework */ = {isa = PBXFileReference; explicitFileType = wrapper.framework; includeInIndex = 0; path = Pods_MyHobbies.framework; sourceTree = BUILT_PRODUCTS_DIR; };
/* End PBXFileReference section */

/* Begin PBXFrameworksBuildPhase section */
		C05CA5702AC41B150018585C /* Frameworks */ = {
			isa = PBXFrameworksBuildPhase;
			buildActionMask = 2147483647;
			files = (
				C05CA5862AC41C5C0018585C /* SwiftUICharts in Frameworks */,
				18515CF852C20B0628168999 /* Pods_MyHobbies.framework in Frameworks */,
			);
			runOnlyForDeploymentPostprocessing = 0;
		};
/* End PBXFrameworksBuildPhase section */

/* Begin PBXGroup section */
		7D8EE1EBEEDD011F16BD643B /* Frameworks */ = {
			isa = PBXGroup;
			children = (
				FB81F0199EBFC86580855359 /* Pods_MyHobbies.framework */,
			);
			name = Frameworks;
			sourceTree = "<group>";
		};
		9C690DD69046AA8B1C4187FC /* Pods */ = {
			isa = PBXGroup;
			children = (
				7704F22A69EFF8E4587C2B43 /* Pods-MyHobbies.debug.xcconfig */,
				4BED6A338157F92942FD579B /* Pods-MyHobbies.release.xcconfig */,
			);
			name = Pods;
			path = Pods;
			sourceTree = "<group>";
		};
		C05CA56A2AC41B150018585C = {
			isa = PBXGroup;
			children = (
				C05CA5752AC41B150018585C /* MyHobbies */,
				C05CA5742AC41B150018585C /* Products */,
				9C690DD69046AA8B1C4187FC /* Pods */,
				7D8EE1EBEEDD011F16BD643B /* Frameworks */,
			);
			sourceTree = "<group>";
		};
		C05CA5742AC41B150018585C /* Products */ = {
			isa = PBXGroup;
			children = (
				C05CA5732AC41B150018585C /* MyHobbies.app */,
			);
			name = Products;
			sourceTree = "<group>";
		};
		C05CA5752AC41B150018585C /* MyHobbies */ = {
			isa = PBXGroup;
			children = (
				C05CA5762AC41B150018585C /* MyHobbiesApp.swift */,
				C05CA5782AC41B150018585C /* ContentView.swift */,
				C04F4D542AD31EE1001A31EA /* AuthenticationView.swift */,
				C08663632ACC827300EA951B /* GoogleService-Info.plist */,
				C05CA57A2AC41B170018585C /* Assets.xcassets */,
				C05CA57C2AC41B170018585C /* Preview Content */,
			);
			path = MyHobbies;
			sourceTree = "<group>";
		};
		C05CA57C2AC41B170018585C /* Preview Content */ = {
			isa = PBXGroup;
			children = (
				C05CA57D2AC41B170018585C /* Preview Assets.xcassets */,
			);
			path = "Preview Content";
			sourceTree = "<group>";
		};
/* End PBXGroup section */

/* Begin PBXNativeTarget section */
		C05CA5722AC41B150018585C /* MyHobbies */ = {
			isa = PBXNativeTarget;
			buildConfigurationList = C05CA5812AC41B170018585C /* Build configuration list for PBXNativeTarget "MyHobbies" */;
			buildPhases = (
				F1A65E4C622C2AC5D4EE1F4C /* [CP] Check Pods Manifest.lock */,
				C05CA56F2AC41B150018585C /* Sources */,
				C05CA5702AC41B150018585C /* Frameworks */,
				C05CA5712AC41B150018585C /* Resources */,
				EEEAB88FF121C007C72ECB79 /* [CP] Embed Pods Frameworks */,
			);
			buildRules = (
			);
			dependencies = (
			);
			name = MyHobbies;
			packageProductDependencies = (
				C05CA5852AC41C5C0018585C /* SwiftUICharts */,
			);
			productName = MyHobbies;
			productReference = C05CA5732AC41B150018585C /* MyHobbies.app */;
			productType = "com.apple.product-type.application";
		};
/* End PBXNativeTarget section */

/* Begin PBXProject section */
		C05CA56B2AC41B150018585C /* Project object */ = {
			isa = PBXProject;
			attributes = {
				BuildIndependentTargetsInParallel = 1;
				LastSwiftUpdateCheck = 1430;
				LastUpgradeCheck = 1500;
				TargetAttributes = {
					C05CA5722AC41B150018585C = {
						CreatedOnToolsVersion = 14.3.1;
					};
				};
			};
			buildConfigurationList = C05CA56E2AC41B150018585C /* Build configuration list for PBXProject "MyHobbies" */;
			compatibilityVersion = "Xcode 14.0";
			developmentRegion = en;
			hasScannedForEncodings = 0;
			knownRegions = (
				en,
				Base,
			);
			mainGroup = C05CA56A2AC41B150018585C;
			packageReferences = (
				C05CA5842AC41C5C0018585C /* XCRemoteSwiftPackageReference "ChartView" */,
			);
			productRefGroup = C05CA5742AC41B150018585C /* Products */;
			projectDirPath = "";
			projectRoot = "";
			targets = (
				C05CA5722AC41B150018585C /* MyHobbies */,
			);
		};
/* End PBXProject section */

/* Begin PBXResourcesBuildPhase section */
		C05CA5712AC41B150018585C /* Resources */ = {
			isa = PBXResourcesBuildPhase;
			buildActionMask = 2147483647;
			files = (
				C05CA57E2AC41B170018585C /* Preview Assets.xcassets in Resources */,
				C08663642ACC827300EA951B /* GoogleService-Info.plist in Resources */,
				C05CA57B2AC41B170018585C /* Assets.xcassets in Resources */,
			);
			runOnlyForDeploymentPostprocessing = 0;
		};
/* End PBXResourcesBuildPhase section */

/* Begin PBXShellScriptBuildPhase section */
		EEEAB88FF121C007C72ECB79 /* [CP] Embed Pods Frameworks */ = {
			isa = PBXShellScriptBuildPhase;
			buildActionMask = 2147483647;
			files = (
			);
			inputFileListPaths = (
				"${PODS_ROOT}/Target Support Files/Pods-MyHobbies/Pods-MyHobbies-frameworks-${CONFIGURATION}-input-files.xcfilelist",
			);
			name = "[CP] Embed Pods Frameworks";
			outputFileListPaths = (
				"${PODS_ROOT}/Target Support Files/Pods-MyHobbies/Pods-MyHobbies-frameworks-${CONFIGURATION}-output-files.xcfilelist",
			);
			runOnlyForDeploymentPostprocessing = 0;
			shellPath = /bin/sh;
			shellScript = "\"${PODS_ROOT}/Target Support Files/Pods-MyHobbies/Pods-MyHobbies-frameworks.sh\"\n";
			showEnvVarsInLog = 0;
		};
		F1A65E4C622C2AC5D4EE1F4C /* [CP] Check Pods Manifest.lock */ = {
			isa = PBXShellScriptBuildPhase;
			buildActionMask = 2147483647;
			files = (
			);
			inputFileListPaths = (
			);
			inputPaths = (
				"${PODS_PODFILE_DIR_PATH}/Podfile.lock",
				"${PODS_ROOT}/Manifest.lock",
			);
			name = "[CP] Check Pods Manifest.lock";
			outputFileListPaths = (
			);
			outputPaths = (
				"$(DERIVED_FILE_DIR)/Pods-MyHobbies-checkManifestLockResult.txt",
			);
			runOnlyForDeploymentPostprocessing = 0;
			shellPath = /bin/sh;
			shellScript = "diff \"${PODS_PODFILE_DIR_PATH}/Podfile.lock\" \"${PODS_ROOT}/Manifest.lock\" > /dev/null\nif [ $? != 0 ] ; then\n    # print error to STDERR\n    echo \"error: The sandbox is not in sync with the Podfile.lock. Run 'pod install' or update your CocoaPods installation.\" >&2\n    exit 1\nfi\n# This output is used by Xcode 'outputs' to avoid re-running this script phase.\necho \"SUCCESS\" > \"${SCRIPT_OUTPUT_FILE_0}\"\n";
			showEnvVarsInLog = 0;
		};
/* End PBXShellScriptBuildPhase section */

/* Begin PBXSourcesBuildPhase section */
		C05CA56F2AC41B150018585C /* Sources */ = {
			isa = PBXSourcesBuildPhase;
			buildActionMask = 2147483647;
			files = (
				C05CA5792AC41B150018585C /* ContentView.swift in Sources */,
				C05CA5772AC41B150018585C /* MyHobbiesApp.swift in Sources */,
				C04F4D552AD31EE1001A31EA /* AuthenticationView.swift in Sources */,
			);
			runOnlyForDeploymentPostprocessing = 0;
		};
/* End PBXSourcesBuildPhase section */

/* Begin XCBuildConfiguration section */
		C05CA57F2AC41B170018585C /* Debug */ = {
			isa = XCBuildConfiguration;
			buildSettings = {
				ALWAYS_SEARCH_USER_PATHS = NO;
				CLANG_ANALYZER_NONNULL = YES;
				CLANG_ANALYZER_NUMBER_OBJECT_CONVERSION = YES_AGGRESSIVE;
				CLANG_CXX_LANGUAGE_STANDARD = "gnu++20";
				CLANG_ENABLE_MODULES = YES;
				CLANG_ENABLE_OBJC_ARC = YES;
				CLANG_ENABLE_OBJC_WEAK = YES;
				CLANG_WARN_BLOCK_CAPTURE_AUTORELEASING = YES;
				CLANG_WARN_BOOL_CONVERSION = YES;
				CLANG_WARN_COMMA = YES;
				CLANG_WARN_CONSTANT_CONVERSION = YES;
				CLANG_WARN_DEPRECATED_OBJC_IMPLEMENTATIONS = YES;
				CLANG_WARN_DIRECT_OBJC_ISA_USAGE = YES_ERROR;
				CLANG_WARN_DOCUMENTATION_COMMENTS = YES;
				CLANG_WARN_EMPTY_BODY = YES;
				CLANG_WARN_ENUM_CONVERSION = YES;
				CLANG_WARN_INFINITE_RECURSION = YES;
				CLANG_WARN_INT_CONVERSION = YES;
				CLANG_WARN_NON_LITERAL_NULL_CONVERSION = YES;
				CLANG_WARN_OBJC_IMPLICIT_RETAIN_SELF = YES;
				CLANG_WARN_OBJC_LITERAL_CONVERSION = YES;
				CLANG_WARN_OBJC_ROOT_CLASS = YES_ERROR;
				CLANG_WARN_QUOTED_INCLUDE_IN_FRAMEWORK_HEADER = YES;
				CLANG_WARN_RANGE_LOOP_ANALYSIS = YES;
				CLANG_WARN_STRICT_PROTOTYPES = YES;
				CLANG_WARN_SUSPICIOUS_MOVE = YES;
				CLANG_WARN_UNGUARDED_AVAILABILITY = YES_AGGRESSIVE;
				CLANG_WARN_UNREACHABLE_CODE = YES;
				CLANG_WARN__DUPLICATE_METHOD_MATCH = YES;
				COPY_PHASE_STRIP = NO;
				DEBUG_INFORMATION_FORMAT = dwarf;
				ENABLE_STRICT_OBJC_MSGSEND = YES;
				ENABLE_TESTABILITY = YES;
				ENABLE_USER_SCRIPT_SANDBOXING = YES;
				GCC_C_LANGUAGE_STANDARD = gnu11;
				GCC_DYNAMIC_NO_PIC = NO;
				GCC_NO_COMMON_BLOCKS = YES;
				GCC_OPTIMIZATION_LEVEL = 0;
				GCC_PREPROCESSOR_DEFINITIONS = (
					"DEBUG=1",
					"$(inherited)",
				);
				GCC_WARN_64_TO_32_BIT_CONVERSION = YES;
				GCC_WARN_ABOUT_RETURN_TYPE = YES_ERROR;
				GCC_WARN_UNDECLARED_SELECTOR = YES;
				GCC_WARN_UNINITIALIZED_AUTOS = YES_AGGRESSIVE;
				GCC_WARN_UNUSED_FUNCTION = YES;
				GCC_WARN_UNUSED_VARIABLE = YES;
				IPHONEOS_DEPLOYMENT_TARGET = 16.0;
				MTL_ENABLE_DEBUG_INFO = INCLUDE_SOURCE;
				MTL_FAST_MATH = YES;
				ONLY_ACTIVE_ARCH = YES;
				SDKROOT = iphoneos;
				SWIFT_ACTIVE_COMPILATION_CONDITIONS = DEBUG;
				SWIFT_OPTIMIZATION_LEVEL = "-Onone";
			};
			name = Debug;
		};
		C05CA5802AC41B170018585C /* Release */ = {
			isa = XCBuildConfiguration;
			buildSettings = {
				ALWAYS_SEARCH_USER_PATHS = NO;
				CLANG_ANALYZER_NONNULL = YES;
				CLANG_ANALYZER_NUMBER_OBJECT_CONVERSION = YES_AGGRESSIVE;
				CLANG_CXX_LANGUAGE_STANDARD = "gnu++20";
				CLANG_ENABLE_MODULES = YES;
				CLANG_ENABLE_OBJC_ARC = YES;
				CLANG_ENABLE_OBJC_WEAK = YES;
				CLANG_WARN_BLOCK_CAPTURE_AUTORELEASING = YES;
				CLANG_WARN_BOOL_CONVERSION = YES;
				CLANG_WARN_COMMA = YES;
				CLANG_WARN_CONSTANT_CONVERSION = YES;
				CLANG_WARN_DEPRECATED_OBJC_IMPLEMENTATIONS = YES;
				CLANG_WARN_DIRECT_OBJC_ISA_USAGE = YES_ERROR;
				CLANG_WARN_DOCUMENTATION_COMMENTS = YES;
				CLANG_WARN_EMPTY_BODY = YES;
				CLANG_WARN_ENUM_CONVERSION = YES;
				CLANG_WARN_INFINITE_RECURSION = YES;
				CLANG_WARN_INT_CONVERSION = YES;
				CLANG_WARN_NON_LITERAL_NULL_CONVERSION = YES;
				CLANG_WARN_OBJC_IMPLICIT_RETAIN_SELF = YES;
				CLANG_WARN_OBJC_LITERAL_CONVERSION = YES;
				CLANG_WARN_OBJC_ROOT_CLASS = YES_ERROR;
				CLANG_WARN_QUOTED_INCLUDE_IN_FRAMEWORK_HEADER = YES;
				CLANG_WARN_RANGE_LOOP_ANALYSIS = YES;
				CLANG_WARN_STRICT_PROTOTYPES = YES;
				CLANG_WARN_SUSPICIOUS_MOVE = YES;
				CLANG_WARN_UNGUARDED_AVAILABILITY = YES_AGGRESSIVE;
				CLANG_WARN_UNREACHABLE_CODE = YES;
				CLANG_WARN__DUPLICATE_METHOD_MATCH = YES;
				COPY_PHASE_STRIP = NO;
				DEBUG_INFORMATION_FORMAT = "dwarf-with-dsym";
				ENABLE_NS_ASSERTIONS = NO;
				ENABLE_STRICT_OBJC_MSGSEND = YES;
				ENABLE_USER_SCRIPT_SANDBOXING = YES;
				GCC_C_LANGUAGE_STANDARD = gnu11;
				GCC_NO_COMMON_BLOCKS = YES;
				GCC_WARN_64_TO_32_BIT_CONVERSION = YES;
				GCC_WARN_ABOUT_RETURN_TYPE = YES_ERROR;
				GCC_WARN_UNDECLARED_SELECTOR = YES;
				GCC_WARN_UNINITIALIZED_AUTOS = YES_AGGRESSIVE;
				GCC_WARN_UNUSED_FUNCTION = YES;
				GCC_WARN_UNUSED_VARIABLE = YES;
				IPHONEOS_DEPLOYMENT_TARGET = 16.0;
				MTL_ENABLE_DEBUG_INFO = NO;
				MTL_FAST_MATH = YES;
				SDKROOT = iphoneos;
				SWIFT_COMPILATION_MODE = wholemodule;
				SWIFT_OPTIMIZATION_LEVEL = "-O";
				VALIDATE_PRODUCT = YES;
			};
			name = Release;
		};
		C05CA5822AC41B170018585C /* Debug */ = {
			isa = XCBuildConfiguration;
			baseConfigurationReference = 7704F22A69EFF8E4587C2B43 /* Pods-MyHobbies.debug.xcconfig */;
			buildSettings = {
				ASSETCATALOG_COMPILER_APPICON_NAME = AppIcon;
				ASSETCATALOG_COMPILER_GLOBAL_ACCENT_COLOR_NAME = AccentColor;
				CODE_SIGN_STYLE = Automatic;
				CURRENT_PROJECT_VERSION = 1;
				DEVELOPMENT_ASSET_PATHS = "\"MyHobbies/Preview Content\"";
				DEVELOPMENT_TEAM = 93NA5FP2X8;
				ENABLE_PREVIEWS = YES;
				GENERATE_INFOPLIST_FILE = YES;
				INFOPLIST_KEY_UIApplicationSceneManifest_Generation = YES;
				INFOPLIST_KEY_UIApplicationSupportsIndirectInputEvents = YES;
				INFOPLIST_KEY_UILaunchScreen_Generation = YES;
				INFOPLIST_KEY_UISupportedInterfaceOrientations_iPad = "UIInterfaceOrientationPortrait UIInterfaceOrientationPortraitUpsideDown UIInterfaceOrientationLandscapeLeft UIInterfaceOrientationLandscapeRight";
				INFOPLIST_KEY_UISupportedInterfaceOrientations_iPhone = "UIInterfaceOrientationPortrait UIInterfaceOrientationLandscapeLeft UIInterfaceOrientationLandscapeRight";
				LD_RUNPATH_SEARCH_PATHS = (
					"$(inherited)",
					"@executable_path/Frameworks",
				);
				MARKETING_VERSION = 1.0;
				PRODUCT_BUNDLE_IDENTIFIER = "saydulayev.wien-gmail.com.MyHobbies";
				PRODUCT_NAME = "$(TARGET_NAME)";
				SWIFT_EMIT_LOC_STRINGS = YES;
				SWIFT_VERSION = 5.0;
				TARGETED_DEVICE_FAMILY = "1,2";
			};
			name = Debug;
		};
		C05CA5832AC41B170018585C /* Release */ = {
			isa = XCBuildConfiguration;
			baseConfigurationReference = 4BED6A338157F92942FD579B /* Pods-MyHobbies.release.xcconfig */;
			buildSettings = {
				ASSETCATALOG_COMPILER_APPICON_NAME = AppIcon;
				ASSETCATALOG_COMPILER_GLOBAL_ACCENT_COLOR_NAME = AccentColor;
				CODE_SIGN_STYLE = Automatic;
				CURRENT_PROJECT_VERSION = 1;
				DEVELOPMENT_ASSET_PATHS = "\"MyHobbies/Preview Content\"";
				DEVELOPMENT_TEAM = 93NA5FP2X8;
				ENABLE_PREVIEWS = YES;
				GENERATE_INFOPLIST_FILE = YES;
				INFOPLIST_KEY_UIApplicationSceneManifest_Generation = YES;
				INFOPLIST_KEY_UIApplicationSupportsIndirectInputEvents = YES;
				INFOPLIST_KEY_UILaunchScreen_Generation = YES;
				INFOPLIST_KEY_UISupportedInterfaceOrientations_iPad = "UIInterfaceOrientationPortrait UIInterfaceOrientationPortraitUpsideDown UIInterfaceOrientationLandscapeLeft UIInterfaceOrientationLandscapeRight";
				INFOPLIST_KEY_UISupportedInterfaceOrientations_iPhone = "UIInterfaceOrientationPortrait UIInterfaceOrientationLandscapeLeft UIInterfaceOrientationLandscapeRight";
				LD_RUNPATH_SEARCH_PATHS = (
					"$(inherited)",
					"@executable_path/Frameworks",
				);
				MARKETING_VERSION = 1.0;
				PRODUCT_BUNDLE_IDENTIFIER = "saydulayev.wien-gmail.com.MyHobbies";
				PRODUCT_NAME = "$(TARGET_NAME)";
				SWIFT_EMIT_LOC_STRINGS = YES;
				SWIFT_VERSION = 5.0;
				TARGETED_DEVICE_FAMILY = "1,2";
			};
			name = Release;
		};
/* End XCBuildConfiguration section */

/* Begin XCConfigurationList section */
		C05CA56E2AC41B150018585C /* Build configuration list for PBXProject "MyHobbies" */ = {
			isa = XCConfigurationList;
			buildConfigurations = (
				C05CA57F2AC41B170018585C /* Debug */,
				C05CA5802AC41B170018585C /* Release */,
			);
			defaultConfigurationIsVisible = 0;
			defaultConfigurationName = Release;
		};
		C05CA5812AC41B170018585C /* Build configuration list for PBXNativeTarget "MyHobbies" */ = {
			isa = XCConfigurationList;
			buildConfigurations = (
				C05CA5822AC41B170018585C /* Debug */,
				C05CA5832AC41B170018585C /* Release */,
			);
			defaultConfigurationIsVisible = 0;
			defaultConfigurationName = Release;
		};
/* End XCConfigurationList section */

/* Begin XCRemoteSwiftPackageReference section */
		C05CA5842AC41C5C0018585C /* XCRemoteSwiftPackageReference "ChartView" */ = {
			isa = XCRemoteSwiftPackageReference;
			repositoryURL = "https://github.com/AppPear/ChartView";
			requirement = {
				kind = upToNextMajorVersion;
				minimumVersion = 1.0.0;
			};
		};
/* End XCRemoteSwiftPackageReference section */

/* Begin XCSwiftPackageProductDependency section */
		C05CA5852AC41C5C0018585C /* SwiftUICharts */ = {
			isa = XCSwiftPackageProductDependency;
			package = C05CA5842AC41C5C0018585C /* XCRemoteSwiftPackageReference "ChartView" */;
			productName = SwiftUICharts;
		};
/* End XCSwiftPackageProductDependency section */
	};
	rootObject = C05CA56B2AC41B150018585C /* Project object */;
}
